
Microsoft Visual Studio Solution File, Format Version 12.00
# Visual Studio Version 17
VisualStudioVersion = 17.3.32825.248
MinimumVisualStudioVersion = 10.0.40219.1
Project("{FAE04EC0-301F-11D3-BF4B-00C04F79EFBC}") = "Used Cars Lab", "Used Cars Lab\Used Cars Lab.csproj", "{7DAE31D0-865B-49F2-8DE5-3E9B7D20EC0B}"
EndProject
Global
	GlobalSection(SolutionConfigurationPlatforms) = preSolution
		Debug|Any CPU = Debug|Any CPU
		Release|Any CPU = Release|Any CPU
	EndGlobalSection
	GlobalSection(ProjectConfigurationPlatforms) = postSolution
		{7DAE31D0-865B-49F2-8DE5-3E9B7D20EC0B}.Debug|Any CPU.ActiveCfg = Debug|Any CPU
		{7DAE31D0-865B-49F2-8DE5-3E9B7D20EC0B}.Debug|Any CPU.Build.0 = Debug|Any CPU
		{7DAE31D0-865B-49F2-8DE5-3E9B7D20EC0B}.Release|Any CPU.ActiveCfg = Release|Any CPU
		{7DAE31D0-865B-49F2-8DE5-3E9B7D20EC0B}.Release|Any CPU.Build.0 = Release|Any CPU
	EndGlobalSection
	GlobalSection(SolutionProperties) = preSolution
		HideSolutionNode = FALSE
	EndGlobalSection
	GlobalSection(ExtensibilityGlobals) = postSolution
		SolutionGuid = {76D8FC3B-454A-4450-883B-A72D61529BE8}
	EndGlobalSection
EndGlobal
